
Microsoft Visual Studio Solution File, Format Version 12.00
# Visual Studio Version 16
VisualStudioVersion = 16.0.29503.13
MinimumVisualStudioVersion = 10.0.40219.1
Project("{FAE04EC0-301F-11D3-BF4B-00C04F79EFBC}") = "Sandbox", "Sandbox\Sandbox.csproj", "{FF6D4CCF-EB34-41A2-845C-EE682C2F46C3}"
EndProject
Global
	GlobalSection(SolutionConfigurationPlatforms) = preSolution
		Debug|Any CPU = Debug|Any CPU
		Release|Any CPU = Release|Any CPU
	EndGlobalSection
	GlobalSection(ProjectConfigurationPlatforms) = postSolution
		{FF6D4CCF-EB34-41A2-845C-EE682C2F46C3}.Debug|Any CPU.ActiveCfg = Debug|Any CPU
		{FF6D4CCF-EB34-41A2-845C-EE682C2F46C3}.Debug|Any CPU.Build.0 = Debug|Any CPU
		{FF6D4CCF-EB34-41A2-845C-EE682C2F46C3}.Release|Any CPU.ActiveCfg = Release|Any CPU
		{FF6D4CCF-EB34-41A2-845C-EE682C2F46C3}.Release|Any CPU.Build.0 = Release|Any CPU
	EndGlobalSection
	GlobalSection(SolutionProperties) = preSolution
		HideSolutionNode = FALSE
	EndGlobalSection
	GlobalSection(ExtensibilityGlobals) = postSolution
		SolutionGuid = {AA595F4C-3CAC-419A-A4C5-A4CB067CEFB4}
	EndGlobalSection
EndGlobal
